// !$*UTF8*$!
{
	archiveVersion = 1;
	classes = {
	};
	objectVersion = 51;
	objects = {

/* Begin PBXBuildFile section */
		31C8A15F40920C94983D8892 /* Pods_ArrowMemory.framework in Frameworks */ = {isa = PBXBuildFile; fileRef = C0FACB3BE7B9A530ED20C942 /* Pods_ArrowMemory.framework */; };
		6D3BEC83230A4FA800A73B86 /* StartViewController.swift in Sources */ = {isa = PBXBuildFile; fileRef = 6D3BEC82230A4FA800A73B86 /* StartViewController.swift */; };
		6D43386122E1415B00468898 /* AppDelegate.swift in Sources */ = {isa = PBXBuildFile; fileRef = 6D43386022E1415B00468898 /* AppDelegate.swift */; };
		6D43386322E1415B00468898 /* ViewController.swift in Sources */ = {isa = PBXBuildFile; fileRef = 6D43386222E1415B00468898 /* ViewController.swift */; };
		6D43386622E1415B00468898 /* Main.storyboard in Resources */ = {isa = PBXBuildFile; fileRef = 6D43386422E1415B00468898 /* Main.storyboard */; };
		6D43386822E1415E00468898 /* Assets.xcassets in Resources */ = {isa = PBXBuildFile; fileRef = 6D43386722E1415E00468898 /* Assets.xcassets */; };
		6D4338B522E2864200468898 /* QuizViewController.swift in Sources */ = {isa = PBXBuildFile; fileRef = 6D4338B422E2864200468898 /* QuizViewController.swift */; };
		6D6B77732307EA74009A33B8 /* Color.swift in Sources */ = {isa = PBXBuildFile; fileRef = 6D6B77722307EA74009A33B8 /* Color.swift */; };
		6D70884C2318C366007E8952 /* GoogleService-Info.plist in Resources */ = {isa = PBXBuildFile; fileRef = 6D70884B2318C366007E8952 /* GoogleService-Info.plist */; };
		6D83D41F22E28D2900AD6F1C /* AnswerViewController.swift in Sources */ = {isa = PBXBuildFile; fileRef = 6D83D41E22E28D2900AD6F1C /* AnswerViewController.swift */; };
		6D83D42122E290C400AD6F1C /* ResultViewController.swift in Sources */ = {isa = PBXBuildFile; fileRef = 6D83D42022E290C400AD6F1C /* ResultViewController.swift */; };
		6DF2BDD423065E0E002AFDAD /* ButtonUtils.swift in Sources */ = {isa = PBXBuildFile; fileRef = 6DF2BDD323065E0E002AFDAD /* ButtonUtils.swift */; };
		6DF2BDD623065E40002AFDAD /* UIViewController+.swift in Sources */ = {isa = PBXBuildFile; fileRef = 6DF2BDD523065E40002AFDAD /* UIViewController+.swift */; };
		6DF2BDDA230660FE002AFDAD /* Arrow.swift in Sources */ = {isa = PBXBuildFile; fileRef = 6DF2BDD9230660FE002AFDAD /* Arrow.swift */; };
		6DFC2CA2232F284F002C15C3 /* Localizable.strings in Resources */ = {isa = PBXBuildFile; fileRef = 6DFC2CA4232F284F002C15C3 /* Localizable.strings */; };
		6DFC2CA823307064002C15C3 /* bgEffect.sks in Resources */ = {isa = PBXBuildFile; fileRef = 6DFC2CA623307064002C15C3 /* bgEffect.sks */; };
		6DFC2CA923307064002C15C3 /* Assets.xcassets in Resources */ = {isa = PBXBuildFile; fileRef = 6DFC2CA723307064002C15C3 /* Assets.xcassets */; };
		6DFC2CAD23307A25002C15C3 /* BgEffect.swift in Sources */ = {isa = PBXBuildFile; fileRef = 6DFC2CAC23307A25002C15C3 /* BgEffect.swift */; };
/* End PBXBuildFile section */

/* Begin PBXFileReference section */
		1683EC0AE1C9F82F7B5C53A2 /* Pods-ArrowMemory.release.xcconfig */ = {isa = PBXFileReference; includeInIndex = 1; lastKnownFileType = text.xcconfig; name = "Pods-ArrowMemory.release.xcconfig"; path = "Target Support Files/Pods-ArrowMemory/Pods-ArrowMemory.release.xcconfig"; sourceTree = "<group>"; };
		1C7189B3F396EA09B8BAE8D4 /* Pods-190719_homework.debug.xcconfig */ = {isa = PBXFileReference; includeInIndex = 1; lastKnownFileType = text.xcconfig; name = "Pods-190719_homework.debug.xcconfig"; path = "Target Support Files/Pods-190719_homework/Pods-190719_homework.debug.xcconfig"; sourceTree = "<group>"; };
		6D3BEC82230A4FA800A73B86 /* StartViewController.swift */ = {isa = PBXFileReference; lastKnownFileType = sourcecode.swift; path = StartViewController.swift; sourceTree = "<group>"; };
		6D43385D22E1415B00468898 /* ArrowMemory.app */ = {isa = PBXFileReference; explicitFileType = wrapper.application; includeInIndex = 0; path = ArrowMemory.app; sourceTree = BUILT_PRODUCTS_DIR; };
		6D43386022E1415B00468898 /* AppDelegate.swift */ = {isa = PBXFileReference; lastKnownFileType = sourcecode.swift; path = AppDelegate.swift; sourceTree = "<group>"; };
		6D43386222E1415B00468898 /* ViewController.swift */ = {isa = PBXFileReference; lastKnownFileType = sourcecode.swift; path = ViewController.swift; sourceTree = "<group>"; };
		6D43386522E1415B00468898 /* Base */ = {isa = PBXFileReference; lastKnownFileType = file.storyboard; name = Base; path = Base.lproj/Main.storyboard; sourceTree = "<group>"; };
		6D43386722E1415E00468898 /* Assets.xcassets */ = {isa = PBXFileReference; lastKnownFileType = folder.assetcatalog; path = Assets.xcassets; sourceTree = "<group>"; };
		6D43386C22E1415E00468898 /* Info.plist */ = {isa = PBXFileReference; lastKnownFileType = text.plist.xml; path = Info.plist; sourceTree = "<group>"; };
		6D4338B422E2864200468898 /* QuizViewController.swift */ = {isa = PBXFileReference; lastKnownFileType = sourcecode.swift; path = QuizViewController.swift; sourceTree = "<group>"; };
		6D6B77722307EA74009A33B8 /* Color.swift */ = {isa = PBXFileReference; lastKnownFileType = sourcecode.swift; path = Color.swift; sourceTree = "<group>"; };
		6D70884B2318C366007E8952 /* GoogleService-Info.plist */ = {isa = PBXFileReference; fileEncoding = 4; lastKnownFileType = text.plist.xml; path = "GoogleService-Info.plist"; sourceTree = "<group>"; };
		6D83D41E22E28D2900AD6F1C /* AnswerViewController.swift */ = {isa = PBXFileReference; lastKnownFileType = sourcecode.swift; path = AnswerViewController.swift; sourceTree = "<group>"; };
		6D83D42022E290C400AD6F1C /* ResultViewController.swift */ = {isa = PBXFileReference; lastKnownFileType = sourcecode.swift; path = ResultViewController.swift; sourceTree = "<group>"; };
		6DD51AE0232B484F00F36E60 /* en */ = {isa = PBXFileReference; lastKnownFileType = text.plist.strings; name = en; path = en.lproj/Main.strings; sourceTree = "<group>"; };
		6DF2BDD323065E0E002AFDAD /* ButtonUtils.swift */ = {isa = PBXFileReference; lastKnownFileType = sourcecode.swift; path = ButtonUtils.swift; sourceTree = "<group>"; };
		6DF2BDD523065E40002AFDAD /* UIViewController+.swift */ = {isa = PBXFileReference; lastKnownFileType = sourcecode.swift; path = "UIViewController+.swift"; sourceTree = "<group>"; };
		6DF2BDD9230660FE002AFDAD /* Arrow.swift */ = {isa = PBXFileReference; lastKnownFileType = sourcecode.swift; path = Arrow.swift; sourceTree = "<group>"; };
		6DFC2CA3232F284F002C15C3 /* en */ = {isa = PBXFileReference; lastKnownFileType = text.plist.strings; name = en; path = en.lproj/Localizable.strings; sourceTree = "<group>"; };
		6DFC2CA5232F28CE002C15C3 /* ja */ = {isa = PBXFileReference; lastKnownFileType = text.plist.strings; name = ja; path = ja.lproj/Localizable.strings; sourceTree = "<group>"; };
		6DFC2CA623307064002C15C3 /* bgEffect.sks */ = {isa = PBXFileReference; lastKnownFileType = file.sks; path = bgEffect.sks; sourceTree = "<group>"; };
		6DFC2CA723307064002C15C3 /* Assets.xcassets */ = {isa = PBXFileReference; lastKnownFileType = folder.assetcatalog; path = Assets.xcassets; sourceTree = "<group>"; };
		6DFC2CAC23307A25002C15C3 /* BgEffect.swift */ = {isa = PBXFileReference; lastKnownFileType = sourcecode.swift; path = BgEffect.swift; sourceTree = "<group>"; };
		6DFC2CAE23311345002C15C3 /* zh-Hans */ = {isa = PBXFileReference; lastKnownFileType = text.plist.strings; name = "zh-Hans"; path = "zh-Hans.lproj/Localizable.strings"; sourceTree = "<group>"; };
		76B1FC550966C1BDB1023BEB /* Pods-ArrowMemory.debug.xcconfig */ = {isa = PBXFileReference; includeInIndex = 1; lastKnownFileType = text.xcconfig; name = "Pods-ArrowMemory.debug.xcconfig"; path = "Target Support Files/Pods-ArrowMemory/Pods-ArrowMemory.debug.xcconfig"; sourceTree = "<group>"; };
		C0FACB3BE7B9A530ED20C942 /* Pods_ArrowMemory.framework */ = {isa = PBXFileReference; explicitFileType = wrapper.framework; includeInIndex = 0; path = Pods_ArrowMemory.framework; sourceTree = BUILT_PRODUCTS_DIR; };
		C2530E8DB6B885649FFE29E1 /* Pods-190719_homework.release.xcconfig */ = {isa = PBXFileReference; includeInIndex = 1; lastKnownFileType = text.xcconfig; name = "Pods-190719_homework.release.xcconfig"; path = "Target Support Files/Pods-190719_homework/Pods-190719_homework.release.xcconfig"; sourceTree = "<group>"; };
/* End PBXFileReference section */

/* Begin PBXFrameworksBuildPhase section */
		6D43385A22E1415B00468898 /* Frameworks */ = {
			isa = PBXFrameworksBuildPhase;
			buildActionMask = 2147483647;
			files = (
				31C8A15F40920C94983D8892 /* Pods_ArrowMemory.framework in Frameworks */,
			);
			runOnlyForDeploymentPostprocessing = 0;
		};
/* End PBXFrameworksBuildPhase section */

/* Begin PBXGroup section */
		2125F0069BB5EFD8BB9F4BA2 /* Pods */ = {
			isa = PBXGroup;
			children = (
				1C7189B3F396EA09B8BAE8D4 /* Pods-190719_homework.debug.xcconfig */,
				C2530E8DB6B885649FFE29E1 /* Pods-190719_homework.release.xcconfig */,
				76B1FC550966C1BDB1023BEB /* Pods-ArrowMemory.debug.xcconfig */,
				1683EC0AE1C9F82F7B5C53A2 /* Pods-ArrowMemory.release.xcconfig */,
			);
			path = Pods;
			sourceTree = "<group>";
		};
		5A553C1833DA0B5B8E7F3EDB /* Frameworks */ = {
			isa = PBXGroup;
			children = (
				C0FACB3BE7B9A530ED20C942 /* Pods_ArrowMemory.framework */,
			);
			name = Frameworks;
			sourceTree = "<group>";
		};
		6D43385422E1415B00468898 = {
			isa = PBXGroup;
			children = (
				6D43385F22E1415B00468898 /* ArrowMemory */,
				6D43385E22E1415B00468898 /* Products */,
				2125F0069BB5EFD8BB9F4BA2 /* Pods */,
				5A553C1833DA0B5B8E7F3EDB /* Frameworks */,
			);
			sourceTree = "<group>";
		};
		6D43385E22E1415B00468898 /* Products */ = {
			isa = PBXGroup;
			children = (
				6D43385D22E1415B00468898 /* ArrowMemory.app */,
			);
			name = Products;
			sourceTree = "<group>";
		};
		6D43385F22E1415B00468898 /* ArrowMemory */ = {
			isa = PBXGroup;
			children = (
				6DF2BDD723065ECC002AFDAD /* Objects */,
				6DB2253023013EA300275E56 /* Controller */,
				6D43386022E1415B00468898 /* AppDelegate.swift */,
				6D43386422E1415B00468898 /* Main.storyboard */,
				6D43386722E1415E00468898 /* Assets.xcassets */,
				6DFC2CA4232F284F002C15C3 /* Localizable.strings */,
				6D43386C22E1415E00468898 /* Info.plist */,
				6DF2BDD323065E0E002AFDAD /* ButtonUtils.swift */,
				6DF2BDD523065E40002AFDAD /* UIViewController+.swift */,
				6D70884B2318C366007E8952 /* GoogleService-Info.plist */,
			);
			path = ArrowMemory;
			sourceTree = "<group>";
		};
		6DB2253023013EA300275E56 /* Controller */ = {
			isa = PBXGroup;
			children = (
				6D3BEC82230A4FA800A73B86 /* StartViewController.swift */,
				6D43386222E1415B00468898 /* ViewController.swift */,
				6D4338B422E2864200468898 /* QuizViewController.swift */,
				6D83D41E22E28D2900AD6F1C /* AnswerViewController.swift */,
				6D83D42022E290C400AD6F1C /* ResultViewController.swift */,
			);
			path = Controller;
			sourceTree = "<group>";
		};
		6DF2BDD723065ECC002AFDAD /* Objects */ = {
			isa = PBXGroup;
			children = (
				6DF2BDD9230660FE002AFDAD /* Arrow.swift */,
				6DFC2CA623307064002C15C3 /* bgEffect.sks */,
				6DFC2CAC23307A25002C15C3 /* BgEffect.swift */,
				6DFC2CA723307064002C15C3 /* Assets.xcassets */,
				6D6B77722307EA74009A33B8 /* Color.swift */,
			);
			path = Objects;
			sourceTree = "<group>";
		};
/* End PBXGroup section */

/* Begin PBXNativeTarget section */
		6D43385C22E1415B00468898 /* ArrowMemory */ = {
			isa = PBXNativeTarget;
			buildConfigurationList = 6D43386F22E1415E00468898 /* Build configuration list for PBXNativeTarget "ArrowMemory" */;
			buildPhases = (
				60428CAD320DEC429E96F19A /* [CP] Check Pods Manifest.lock */,
				6D43385922E1415B00468898 /* Sources */,
				6D43385A22E1415B00468898 /* Frameworks */,
				6D43385B22E1415B00468898 /* Resources */,
				0D9F6C124213DB62EB54B9C6 /* [CP] Embed Pods Frameworks */,
				6D191BD3231613040042445F /* ShellScript */,
			);
			buildRules = (
			);
			dependencies = (
			);
			name = ArrowMemory;
			productName = 190719_homework;
			productReference = 6D43385D22E1415B00468898 /* ArrowMemory.app */;
			productType = "com.apple.product-type.application";
		};
/* End PBXNativeTarget section */

/* Begin PBXProject section */
		6D43385522E1415B00468898 /* Project object */ = {
			isa = PBXProject;
			attributes = {
				LastSwiftUpdateCheck = 1020;
				LastUpgradeCheck = 1020;
				ORGANIZATIONNAME = "辻真緒";
				TargetAttributes = {
					6D43385C22E1415B00468898 = {
						CreatedOnToolsVersion = 10.2.1;
					};
				};
			};
			buildConfigurationList = 6D43385822E1415B00468898 /* Build configuration list for PBXProject "ArrowMemory" */;
			compatibilityVersion = "Xcode 9.3";
			developmentRegion = en;
			hasScannedForEncodings = 0;
			knownRegions = (
				Base,
				en,
				ja,
				"zh-Hans",
			);
			mainGroup = 6D43385422E1415B00468898;
			productRefGroup = 6D43385E22E1415B00468898 /* Products */;
			projectDirPath = "";
			projectRoot = "";
			targets = (
				6D43385C22E1415B00468898 /* ArrowMemory */,
			);
		};
/* End PBXProject section */

/* Begin PBXResourcesBuildPhase section */
		6D43385B22E1415B00468898 /* Resources */ = {
			isa = PBXResourcesBuildPhase;
			buildActionMask = 2147483647;
			files = (
				6DFC2CA2232F284F002C15C3 /* Localizable.strings in Resources */,
				6D70884C2318C366007E8952 /* GoogleService-Info.plist in Resources */,
				6D43386822E1415E00468898 /* Assets.xcassets in Resources */,
				6DFC2CA823307064002C15C3 /* bgEffect.sks in Resources */,
				6DFC2CA923307064002C15C3 /* Assets.xcassets in Resources */,
				6D43386622E1415B00468898 /* Main.storyboard in Resources */,
			);
			runOnlyForDeploymentPostprocessing = 0;
		};
/* End PBXResourcesBuildPhase section */

/* Begin PBXShellScriptBuildPhase section */
		0D9F6C124213DB62EB54B9C6 /* [CP] Embed Pods Frameworks */ = {
			isa = PBXShellScriptBuildPhase;
			buildActionMask = 2147483647;
			files = (
			);
			inputFileListPaths = (
				"${PODS_ROOT}/Target Support Files/Pods-ArrowMemory/Pods-ArrowMemory-frameworks-${CONFIGURATION}-input-files.xcfilelist",
			);
			name = "[CP] Embed Pods Frameworks";
			outputFileListPaths = (
				"${PODS_ROOT}/Target Support Files/Pods-ArrowMemory/Pods-ArrowMemory-frameworks-${CONFIGURATION}-output-files.xcfilelist",
			);
			runOnlyForDeploymentPostprocessing = 0;
			shellPath = /bin/sh;
			shellScript = "\"${PODS_ROOT}/Target Support Files/Pods-ArrowMemory/Pods-ArrowMemory-frameworks.sh\"\n";
			showEnvVarsInLog = 0;
		};
		60428CAD320DEC429E96F19A /* [CP] Check Pods Manifest.lock */ = {
			isa = PBXShellScriptBuildPhase;
			buildActionMask = 2147483647;
			files = (
			);
			inputFileListPaths = (
			);
			inputPaths = (
				"${PODS_PODFILE_DIR_PATH}/Podfile.lock",
				"${PODS_ROOT}/Manifest.lock",
			);
			name = "[CP] Check Pods Manifest.lock";
			outputFileListPaths = (
			);
			outputPaths = (
				"$(DERIVED_FILE_DIR)/Pods-ArrowMemory-checkManifestLockResult.txt",
			);
			runOnlyForDeploymentPostprocessing = 0;
			shellPath = /bin/sh;
			shellScript = "diff \"${PODS_PODFILE_DIR_PATH}/Podfile.lock\" \"${PODS_ROOT}/Manifest.lock\" > /dev/null\nif [ $? != 0 ] ; then\n    # print error to STDERR\n    echo \"error: The sandbox is not in sync with the Podfile.lock. Run 'pod install' or update your CocoaPods installation.\" >&2\n    exit 1\nfi\n# This output is used by Xcode 'outputs' to avoid re-running this script phase.\necho \"SUCCESS\" > \"${SCRIPT_OUTPUT_FILE_0}\"\n";
			showEnvVarsInLog = 0;
		};
		6D191BD3231613040042445F /* ShellScript */ = {
			isa = PBXShellScriptBuildPhase;
			buildActionMask = 2147483647;
			files = (
			);
			inputFileListPaths = (
			);
			inputPaths = (
				"$(SRCROOT)/newInputFile",
			);
			outputFileListPaths = (
			);
			outputPaths = (
			);
			runOnlyForDeploymentPostprocessing = 0;
			shellPath = /bin/sh;
			shellScript = "# Type a script or drag a script file from your workspace to insert its path.\n# Set the build number to the count of Git commits\nbuildNumber=$(git rev-list HEAD | wc -l | tr -d ' ')\n/usr/libexec/PlistBuddy -c \"Set :CFBundleVersion $buildNumber\" \"${PROJECT_DIR}/${INFOPLIST_FILE}\"\n";
		};
/* End PBXShellScriptBuildPhase section */

/* Begin PBXSourcesBuildPhase section */
		6D43385922E1415B00468898 /* Sources */ = {
			isa = PBXSourcesBuildPhase;
			buildActionMask = 2147483647;
			files = (
				6DF2BDD623065E40002AFDAD /* UIViewController+.swift in Sources */,
				6DF2BDDA230660FE002AFDAD /* Arrow.swift in Sources */,
				6D83D42122E290C400AD6F1C /* ResultViewController.swift in Sources */,
				6DF2BDD423065E0E002AFDAD /* ButtonUtils.swift in Sources */,
				6D83D41F22E28D2900AD6F1C /* AnswerViewController.swift in Sources */,
				6DFC2CAD23307A25002C15C3 /* BgEffect.swift in Sources */,
				6D3BEC83230A4FA800A73B86 /* StartViewController.swift in Sources */,
				6D4338B522E2864200468898 /* QuizViewController.swift in Sources */,
				6D43386322E1415B00468898 /* ViewController.swift in Sources */,
				6D43386122E1415B00468898 /* AppDelegate.swift in Sources */,
				6D6B77732307EA74009A33B8 /* Color.swift in Sources */,
			);
			runOnlyForDeploymentPostprocessing = 0;
		};
/* End PBXSourcesBuildPhase section */

/* Begin PBXVariantGroup section */
		6D43386422E1415B00468898 /* Main.storyboard */ = {
			isa = PBXVariantGroup;
			children = (
				6D43386522E1415B00468898 /* Base */,
				6DD51AE0232B484F00F36E60 /* en */,
			);
			name = Main.storyboard;
			sourceTree = "<group>";
		};
		6DFC2CA4232F284F002C15C3 /* Localizable.strings */ = {
			isa = PBXVariantGroup;
			children = (
				6DFC2CA3232F284F002C15C3 /* en */,
				6DFC2CA5232F28CE002C15C3 /* ja */,
				6DFC2CAE23311345002C15C3 /* zh-Hans */,
			);
			name = Localizable.strings;
			sourceTree = "<group>";
		};
/* End PBXVariantGroup section */

/* Begin XCBuildConfiguration section */
		6D43386D22E1415E00468898 /* Debug */ = {
			isa = XCBuildConfiguration;
			buildSettings = {
				ALWAYS_SEARCH_USER_PATHS = NO;
				CLANG_ANALYZER_LOCALIZABILITY_NONLOCALIZED = YES;
				CLANG_ANALYZER_NONNULL = YES;
				CLANG_ANALYZER_NUMBER_OBJECT_CONVERSION = YES_AGGRESSIVE;
				CLANG_CXX_LANGUAGE_STANDARD = "gnu++14";
				CLANG_CXX_LIBRARY = "libc++";
				CLANG_ENABLE_MODULES = YES;
				CLANG_ENABLE_OBJC_ARC = YES;
				CLANG_ENABLE_OBJC_WEAK = YES;
				CLANG_WARN_BLOCK_CAPTURE_AUTORELEASING = YES;
				CLANG_WARN_BOOL_CONVERSION = YES;
				CLANG_WARN_COMMA = YES;
				CLANG_WARN_CONSTANT_CONVERSION = YES;
				CLANG_WARN_DEPRECATED_OBJC_IMPLEMENTATIONS = YES;
				CLANG_WARN_DIRECT_OBJC_ISA_USAGE = YES_ERROR;
				CLANG_WARN_DOCUMENTATION_COMMENTS = YES;
				CLANG_WARN_EMPTY_BODY = YES;
				CLANG_WARN_ENUM_CONVERSION = YES;
				CLANG_WARN_INFINITE_RECURSION = YES;
				CLANG_WARN_INT_CONVERSION = YES;
				CLANG_WARN_NON_LITERAL_NULL_CONVERSION = YES;
				CLANG_WARN_OBJC_IMPLICIT_RETAIN_SELF = YES;
				CLANG_WARN_OBJC_LITERAL_CONVERSION = YES;
				CLANG_WARN_OBJC_ROOT_CLASS = YES_ERROR;
				CLANG_WARN_RANGE_LOOP_ANALYSIS = YES;
				CLANG_WARN_STRICT_PROTOTYPES = YES;
				CLANG_WARN_SUSPICIOUS_MOVE = YES;
				CLANG_WARN_UNGUARDED_AVAILABILITY = YES_AGGRESSIVE;
				CLANG_WARN_UNREACHABLE_CODE = YES;
				CLANG_WARN__DUPLICATE_METHOD_MATCH = YES;
				CODE_SIGN_IDENTITY = "iPhone Developer";
				COPY_PHASE_STRIP = NO;
				DEBUG_INFORMATION_FORMAT = dwarf;
				ENABLE_STRICT_OBJC_MSGSEND = YES;
				ENABLE_TESTABILITY = YES;
				GCC_C_LANGUAGE_STANDARD = gnu11;
				GCC_DYNAMIC_NO_PIC = NO;
				GCC_NO_COMMON_BLOCKS = YES;
				GCC_OPTIMIZATION_LEVEL = 0;
				GCC_PREPROCESSOR_DEFINITIONS = (
					"DEBUG=1",
					"$(inherited)",
				);
				GCC_WARN_64_TO_32_BIT_CONVERSION = YES;
				GCC_WARN_ABOUT_RETURN_TYPE = YES_ERROR;
				GCC_WARN_UNDECLARED_SELECTOR = YES;
				GCC_WARN_UNINITIALIZED_AUTOS = YES_AGGRESSIVE;
				GCC_WARN_UNUSED_FUNCTION = YES;
				GCC_WARN_UNUSED_VARIABLE = YES;
				IPHONEOS_DEPLOYMENT_TARGET = 12.2;
				MTL_ENABLE_DEBUG_INFO = INCLUDE_SOURCE;
				MTL_FAST_MATH = YES;
				ONLY_ACTIVE_ARCH = YES;
				SDKROOT = iphoneos;
				SWIFT_ACTIVE_COMPILATION_CONDITIONS = DEBUG;
				SWIFT_OPTIMIZATION_LEVEL = "-Onone";
			};
			name = Debug;
		};
		6D43386E22E1415E00468898 /* Release */ = {
			isa = XCBuildConfiguration;
			buildSettings = {
				ALWAYS_SEARCH_USER_PATHS = NO;
				CLANG_ANALYZER_LOCALIZABILITY_NONLOCALIZED = YES;
				CLANG_ANALYZER_NONNULL = YES;
				CLANG_ANALYZER_NUMBER_OBJECT_CONVERSION = YES_AGGRESSIVE;
				CLANG_CXX_LANGUAGE_STANDARD = "gnu++14";
				CLANG_CXX_LIBRARY = "libc++";
				CLANG_ENABLE_MODULES = YES;
				CLANG_ENABLE_OBJC_ARC = YES;
				CLANG_ENABLE_OBJC_WEAK = YES;
				CLANG_WARN_BLOCK_CAPTURE_AUTORELEASING = YES;
				CLANG_WARN_BOOL_CONVERSION = YES;
				CLANG_WARN_COMMA = YES;
				CLANG_WARN_CONSTANT_CONVERSION = YES;
				CLANG_WARN_DEPRECATED_OBJC_IMPLEMENTATIONS = YES;
				CLANG_WARN_DIRECT_OBJC_ISA_USAGE = YES_ERROR;
				CLANG_WARN_DOCUMENTATION_COMMENTS = YES;
				CLANG_WARN_EMPTY_BODY = YES;
				CLANG_WARN_ENUM_CONVERSION = YES;
				CLANG_WARN_INFINITE_RECURSION = YES;
				CLANG_WARN_INT_CONVERSION = YES;
				CLANG_WARN_NON_LITERAL_NULL_CONVERSION = YES;
				CLANG_WARN_OBJC_IMPLICIT_RETAIN_SELF = YES;
				CLANG_WARN_OBJC_LITERAL_CONVERSION = YES;
				CLANG_WARN_OBJC_ROOT_CLASS = YES_ERROR;
				CLANG_WARN_RANGE_LOOP_ANALYSIS = YES;
				CLANG_WARN_STRICT_PROTOTYPES = YES;
				CLANG_WARN_SUSPICIOUS_MOVE = YES;
				CLANG_WARN_UNGUARDED_AVAILABILITY = YES_AGGRESSIVE;
				CLANG_WARN_UNREACHABLE_CODE = YES;
				CLANG_WARN__DUPLICATE_METHOD_MATCH = YES;
				CODE_SIGN_IDENTITY = "iPhone Developer";
				COPY_PHASE_STRIP = NO;
				DEBUG_INFORMATION_FORMAT = "dwarf-with-dsym";
				ENABLE_NS_ASSERTIONS = NO;
				ENABLE_STRICT_OBJC_MSGSEND = YES;
				GCC_C_LANGUAGE_STANDARD = gnu11;
				GCC_NO_COMMON_BLOCKS = YES;
				GCC_WARN_64_TO_32_BIT_CONVERSION = YES;
				GCC_WARN_ABOUT_RETURN_TYPE = YES_ERROR;
				GCC_WARN_UNDECLARED_SELECTOR = YES;
				GCC_WARN_UNINITIALIZED_AUTOS = YES_AGGRESSIVE;
				GCC_WARN_UNUSED_FUNCTION = YES;
				GCC_WARN_UNUSED_VARIABLE = YES;
				IPHONEOS_DEPLOYMENT_TARGET = 12.2;
				MTL_ENABLE_DEBUG_INFO = NO;
				MTL_FAST_MATH = YES;
				SDKROOT = iphoneos;
				SWIFT_COMPILATION_MODE = wholemodule;
				SWIFT_OPTIMIZATION_LEVEL = "-O";
				VALIDATE_PRODUCT = YES;
			};
			name = Release;
		};
		6D43387022E1415E00468898 /* Debug */ = {
			isa = XCBuildConfiguration;
			baseConfigurationReference = 76B1FC550966C1BDB1023BEB /* Pods-ArrowMemory.debug.xcconfig */;
			buildSettings = {
				ASSETCATALOG_COMPILER_APPICON_NAME = AppIcon;
				ASSETCATALOG_COMPILER_LAUNCHIMAGE_NAME = LaunchImage;
				CODE_SIGN_STYLE = Automatic;
				DEVELOPMENT_TEAM = ASWZUJW45Z;
				INFOPLIST_FILE = ArrowMemory/Info.plist;
				LD_RUNPATH_SEARCH_PATHS = (
					"$(inherited)",
					"@executable_path/Frameworks",
				);
				PRODUCT_BUNDLE_IDENTIFIER = com.example.ArrowMemory;
				PRODUCT_NAME = "$(TARGET_NAME)";
				SWIFT_VERSION = 5.0;
				TARGETED_DEVICE_FAMILY = "1,2";
			};
			name = Debug;
		};
		6D43387122E1415E00468898 /* Release */ = {
			isa = XCBuildConfiguration;
			baseConfigurationReference = 1683EC0AE1C9F82F7B5C53A2 /* Pods-ArrowMemory.release.xcconfig */;
			buildSettings = {
				ASSETCATALOG_COMPILER_APPICON_NAME = AppIcon;
				ASSETCATALOG_COMPILER_LAUNCHIMAGE_NAME = LaunchImage;
				CODE_SIGN_STYLE = Automatic;
				DEVELOPMENT_TEAM = ASWZUJW45Z;
				INFOPLIST_FILE = ArrowMemory/Info.plist;
				LD_RUNPATH_SEARCH_PATHS = (
					"$(inherited)",
					"@executable_path/Frameworks",
				);
				PRODUCT_BUNDLE_IDENTIFIER = com.example.ArrowMemory;
				PRODUCT_NAME = "$(TARGET_NAME)";
				SWIFT_VERSION = 5.0;
				TARGETED_DEVICE_FAMILY = "1,2";
			};
			name = Release;
		};
/* End XCBuildConfiguration section */

/* Begin XCConfigurationList section */
		6D43385822E1415B00468898 /* Build configuration list for PBXProject "ArrowMemory" */ = {
			isa = XCConfigurationList;
			buildConfigurations = (
				6D43386D22E1415E00468898 /* Debug */,
				6D43386E22E1415E00468898 /* Release */,
			);
			defaultConfigurationIsVisible = 0;
			defaultConfigurationName = Release;
		};
		6D43386F22E1415E00468898 /* Build configuration list for PBXNativeTarget "ArrowMemory" */ = {
			isa = XCConfigurationList;
			buildConfigurations = (
				6D43387022E1415E00468898 /* Debug */,
				6D43387122E1415E00468898 /* Release */,
			);
			defaultConfigurationIsVisible = 0;
			defaultConfigurationName = Release;
		};
/* End XCConfigurationList section */
	};
	rootObject = 6D43385522E1415B00468898 /* Project object */;
}
